
Microsoft Visual Studio Solution File, Format Version 12.00
# Visual Studio Version 17
VisualStudioVersion = 17.6.33723.286
MinimumVisualStudioVersion = 10.0.40219.1
Project("{FAE04EC0-301F-11D3-BF4B-00C04F79EFBC}") = "DemoAppSignalR", "DemoAppSignalR.csproj", "{313E07EC-9826-442B-A457-5EF535D7EDBC}"
EndProject
Global
	GlobalSection(SolutionConfigurationPlatforms) = preSolution
		Debug|Any CPU = Debug|Any CPU
		Release|Any CPU = Release|Any CPU
	EndGlobalSection
	GlobalSection(ProjectConfigurationPlatforms) = postSolution
		{313E07EC-9826-442B-A457-5EF535D7EDBC}.Debug|Any CPU.ActiveCfg = Debug|Any CPU
		{313E07EC-9826-442B-A457-5EF535D7EDBC}.Debug|Any CPU.Build.0 = Debug|Any CPU
		{313E07EC-9826-442B-A457-5EF535D7EDBC}.Release|Any CPU.ActiveCfg = Release|Any CPU
		{313E07EC-9826-442B-A457-5EF535D7EDBC}.Release|Any CPU.Build.0 = Release|Any CPU
	EndGlobalSection
	GlobalSection(SolutionProperties) = preSolution
		HideSolutionNode = FALSE
	EndGlobalSection
	GlobalSection(ExtensibilityGlobals) = postSolution
		SolutionGuid = {0AC7B5B9-06A6-4B3B-A8B8-52F52CCDAB34}
	EndGlobalSection
EndGlobal
